
Microsoft Visual Studio Solution File, Format Version 12.00
# Visual Studio Version 17
VisualStudioVersion = 17.3.32901.215
MinimumVisualStudioVersion = 10.0.40219.1
Project("{FAE04EC0-301F-11D3-BF4B-00C04F79EFBC}") = "FriendlyFireOff", "FriendlyFireOff.csproj", "{C936EDD8-F7CA-462C-AF34-33F1B86B2FBD}"
EndProject
Global
	GlobalSection(SolutionConfigurationPlatforms) = preSolution
		Debug|Any CPU = Debug|Any CPU
		Release|Any CPU = Release|Any CPU
	EndGlobalSection
	GlobalSection(ProjectConfigurationPlatforms) = postSolution
		{C936EDD8-F7CA-462C-AF34-33F1B86B2FBD}.Debug|Any CPU.ActiveCfg = Debug|Any CPU
		{C936EDD8-F7CA-462C-AF34-33F1B86B2FBD}.Debug|Any CPU.Build.0 = Debug|Any CPU
		{C936EDD8-F7CA-462C-AF34-33F1B86B2FBD}.Release|Any CPU.ActiveCfg = Release|Any CPU
		{C936EDD8-F7CA-462C-AF34-33F1B86B2FBD}.Release|Any CPU.Build.0 = Release|Any CPU
	EndGlobalSection
	GlobalSection(SolutionProperties) = preSolution
		HideSolutionNode = FALSE
	EndGlobalSection
	GlobalSection(ExtensibilityGlobals) = postSolution
		SolutionGuid = {EE588C32-0E14-4D7D-A8DA-43857BF6D891}
	EndGlobalSection
EndGlobal
